
Microsoft Visual Studio Solution File, Format Version 12.00
# Visual Studio 15
VisualStudioVersion = 15.0.27130.2036
MinimumVisualStudioVersion = 10.0.40219.1
Project("{FAE04EC0-301F-11D3-BF4B-00C04F79EFBC}") = "Opgave10_HelloWorld", "Opgave10_HelloWorld\Opgave10_HelloWorld.csproj", "{B930EB26-FF5D-49D0-A3EE-65D370BB5792}"
EndProject
Project("{FAE04EC0-301F-11D3-BF4B-00C04F79EFBC}") = "Module03", "Module03\Module03.csproj", "{C8081F10-F6B3-4DC5-A0D2-720835D5E54F}"
EndProject
Project("{FAE04EC0-301F-11D3-BF4B-00C04F79EFBC}") = "Opgave_Variabler", "Opgave_Variabler\Opgave_Variabler.csproj", "{DE0923FD-4A47-469E-9282-C2F53B555D7C}"
EndProject
Global
	GlobalSection(SolutionConfigurationPlatforms) = preSolution
		Debug|Any CPU = Debug|Any CPU
		Release|Any CPU = Release|Any CPU
	EndGlobalSection
	GlobalSection(ProjectConfigurationPlatforms) = postSolution
		{B930EB26-FF5D-49D0-A3EE-65D370BB5792}.Debug|Any CPU.ActiveCfg = Debug|Any CPU
		{B930EB26-FF5D-49D0-A3EE-65D370BB5792}.Debug|Any CPU.Build.0 = Debug|Any CPU
		{B930EB26-FF5D-49D0-A3EE-65D370BB5792}.Release|Any CPU.ActiveCfg = Release|Any CPU
		{B930EB26-FF5D-49D0-A3EE-65D370BB5792}.Release|Any CPU.Build.0 = Release|Any CPU
		{C8081F10-F6B3-4DC5-A0D2-720835D5E54F}.Debug|Any CPU.ActiveCfg = Debug|Any CPU
		{C8081F10-F6B3-4DC5-A0D2-720835D5E54F}.Debug|Any CPU.Build.0 = Debug|Any CPU
		{C8081F10-F6B3-4DC5-A0D2-720835D5E54F}.Release|Any CPU.ActiveCfg = Release|Any CPU
		{C8081F10-F6B3-4DC5-A0D2-720835D5E54F}.Release|Any CPU.Build.0 = Release|Any CPU
		{DE0923FD-4A47-469E-9282-C2F53B555D7C}.Debug|Any CPU.ActiveCfg = Debug|Any CPU
		{DE0923FD-4A47-469E-9282-C2F53B555D7C}.Debug|Any CPU.Build.0 = Debug|Any CPU
		{DE0923FD-4A47-469E-9282-C2F53B555D7C}.Release|Any CPU.ActiveCfg = Release|Any CPU
		{DE0923FD-4A47-469E-9282-C2F53B555D7C}.Release|Any CPU.Build.0 = Release|Any CPU
	EndGlobalSection
	GlobalSection(SolutionProperties) = preSolution
		HideSolutionNode = FALSE
	EndGlobalSection
	GlobalSection(ExtensibilityGlobals) = postSolution
		SolutionGuid = {9034764A-67AE-4CDC-BF9C-40BFFC5E3249}
	EndGlobalSection
EndGlobal
