
Microsoft Visual Studio Solution File, Format Version 12.00
# Visual Studio 15
VisualStudioVersion = 15.0.27130.2036
MinimumVisualStudioVersion = 10.0.40219.1
Project("{FAE04EC0-301F-11D3-BF4B-00C04F79EFBC}") = "Opgave10_HelloWorld", "Opgave10_HelloWorld\Opgave10_HelloWorld.csproj", "{B930EB26-FF5D-49D0-A3EE-65D370BB5792}"
EndProject
Project("{FAE04EC0-301F-11D3-BF4B-00C04F79EFBC}") = "Opgave_Variabler", "Opgave_Variabler\Opgave_Variabler.csproj", "{DE0923FD-4A47-469E-9282-C2F53B555D7C}"
EndProject
Project("{FAE04EC0-301F-11D3-BF4B-00C04F79EFBC}") = "Opgaver_Array", "Opgaver_Array\Opgaver_Array.csproj", "{38E28427-3CBF-4579-9C14-E94EC5E995EF}"
EndProject
Project("{FAE04EC0-301F-11D3-BF4B-00C04F79EFBC}") = "Opgaver_struct", "Opgaver_struct\Opgaver_struct.csproj", "{86045D45-6D1B-4D8A-8CD2-5263D27B4DC9}"
EndProject
Project("{FAE04EC0-301F-11D3-BF4B-00C04F79EFBC}") = "Opgaver_string", "Opgaver_string\Opgaver_string.csproj", "{3A75458F-11AF-4974-B974-A3171C0F302F}"
EndProject
Project("{FAE04EC0-301F-11D3-BF4B-00C04F79EFBC}") = "Opgaver_løkke", "Opgaver_løkke\Opgaver_løkke.csproj", "{B5D952EE-139A-403F-8FD5-FCFEAF1553C9}"
EndProject
Project("{FAE04EC0-301F-11D3-BF4B-00C04F79EFBC}") = "Opgaver_Metoder", "Opgaver_Metoder\Opgaver_Metoder.csproj", "{E02D5BF3-37E3-4143-AA5E-4DA34760CFE5}"
EndProject
Project("{FAE04EC0-301F-11D3-BF4B-00C04F79EFBC}") = "Opgaver_Klasser", "Opgaver_Klasser\Opgaver_Klasser.csproj", "{E86D1049-8E72-4523-A169-A3FED6514B89}"
EndProject
Project("{FAE04EC0-301F-11D3-BF4B-00C04F79EFBC}") = "Opgaver_Terning", "Opgaver_Terning\Opgaver_Terning.csproj", "{DF750639-82DD-44F3-A5F0-F3D5E3DB8023}"
EndProject
Project("{FAE04EC0-301F-11D3-BF4B-00C04F79EFBC}") = "Opgaver_Egenskaber", "Opgaver_Egenskaber\Opgaver_Egenskaber.csproj", "{E802B069-7927-445D-8FF2-1CC41D4DFC3B}"
EndProject
Project("{FAE04EC0-301F-11D3-BF4B-00C04F79EFBC}") = "Opgaver_Nedarvning", "Opgaver_Nedarvning\Opgaver_Nedarvning.csproj", "{A0869A3A-58AF-409E-B66F-452C05CF9633}"
EndProject
Project("{FAE04EC0-301F-11D3-BF4B-00C04F79EFBC}") = "Opgaver_NedarvningRandom", "Opgaver_NedarvningRandom\Opgaver_NedarvningRandom.csproj", "{D6FDE02A-EEAE-451C-A7D2-674175687794}"
EndProject
Project("{FAE04EC0-301F-11D3-BF4B-00C04F79EFBC}") = "Opgaver_NedarvningTerning", "Opgaver_NedarvningTerning\Opgaver_NedarvningTerning.csproj", "{DD7E3D0F-95F9-462C-A31A-04529E1DB963}"
EndProject
Project("{FAE04EC0-301F-11D3-BF4B-00C04F79EFBC}") = "Opgaver_Polymorfi", "Opgaver_Polymorfi\Opgaver_Polymorfi.csproj", "{FEF37CB9-5910-4994-A32C-E9A07C5AB93C}"
EndProject
Project("{FAE04EC0-301F-11D3-BF4B-00C04F79EFBC}") = "Opgaver_PolymorfiDyr", "Opgaver_PolymorfiDyr\Opgaver_PolymorfiDyr.csproj", "{4AC24428-5768-402F-9852-E07718928153}"
EndProject
Project("{FAE04EC0-301F-11D3-BF4B-00C04F79EFBC}") = "Opgaver_PloymorfiTerning", "Opgaver_PloymorfiTerning\Opgaver_PloymorfiTerning.csproj", "{3DB08E09-4392-4067-A4B5-1284F13D6805}"
EndProject
Project("{FAE04EC0-301F-11D3-BF4B-00C04F79EFBC}") = "Opgaver_TryCatchSimple", "Opgaver_TryCatchSimple\Opgaver_TryCatchSimple.csproj", "{E14C1F6E-62F8-4CC8-81A3-701FB5DBAFEE}"
EndProject
Project("{FAE04EC0-301F-11D3-BF4B-00C04F79EFBC}") = "Opgaver_TryCatchCustomException", "Opgaver_TryCatchCustomException\Opgaver_TryCatchCustomException.csproj", "{03F7BD99-0166-4F70-A353-C32457D6A817}"
EndProject
Project("{FAE04EC0-301F-11D3-BF4B-00C04F79EFBC}") = "Opgaver_TryCatchNLog", "Opgaver_TryCatchNLog\Opgaver_TryCatchNLog.csproj", "{8ECC3016-A5CE-49F1-9B2E-487AA428ABEB}"
EndProject
Project("{FAE04EC0-301F-11D3-BF4B-00C04F79EFBC}") = "Opgaver_Interface", "Opgaver_Interface\Opgaver_Interface.csproj", "{26A1D135-B685-4793-AA25-8E9004317146}"
EndProject
Project("{FAE04EC0-301F-11D3-BF4B-00C04F79EFBC}") = "Opgaver_DependencyInjection", "Opgaver_DependencyInjection\Opgaver_DependencyInjection.csproj", "{5CB5B8A8-F14D-4040-B673-424F389539E7}"
EndProject
Project("{FAE04EC0-301F-11D3-BF4B-00C04F79EFBC}") = "Opgaver_CompareICompare", "Opgaver_CompareICompare\Opgaver_CompareICompare.csproj", "{B502892F-3CAE-4B0A-B1B5-CE8C36AF7A98}"
EndProject
Project("{FAE04EC0-301F-11D3-BF4B-00C04F79EFBC}") = "Opgaver_Using", "Opgaver_Using\Opgaver_Using.csproj", "{A4065341-DCD9-4D83-9420-CCDAED94FB4D}"
EndProject
Project("{FAE04EC0-301F-11D3-BF4B-00C04F79EFBC}") = "Opgaver_Repository", "Opgaver_Repository\Opgaver_Repository.csproj", "{86AD2CA5-DB0D-4D85-B908-3836A5D8DFF1}"
EndProject
Project("{FAE04EC0-301F-11D3-BF4B-00C04F79EFBC}") = "Opgaver_Collection", "Opgaver_Collection\Opgaver_Collection.csproj", "{2537BCAE-792C-4009-AB06-9440A73EE373}"
EndProject
Project("{FAE04EC0-301F-11D3-BF4B-00C04F79EFBC}") = "Opgaver_Collection2", "Opgaver_Collection2\Opgaver_Collection2.csproj", "{B9B32B65-F4F9-45A7-912F-F99A97BF76E6}"
EndProject
Project("{FAE04EC0-301F-11D3-BF4B-00C04F79EFBC}") = "Opgaver_GeneriskMetode", "Opgaver_GeneriskMetode\Opgaver_GeneriskMetode.csproj", "{F528E340-0A62-44C0-8B7D-4FE7FE17F3DD}"
EndProject
Project("{FAE04EC0-301F-11D3-BF4B-00C04F79EFBC}") = "Opgaver_GeneriskMetodeAppSettings", "Opgaver_GeneriskMetodeAppSettings\Opgaver_GeneriskMetodeAppSettings.csproj", "{A6EE976D-49A0-4666-B44D-3264CFDC62C6}"
EndProject
Global
	GlobalSection(SolutionConfigurationPlatforms) = preSolution
		Debug|Any CPU = Debug|Any CPU
		Release|Any CPU = Release|Any CPU
	EndGlobalSection
	GlobalSection(ProjectConfigurationPlatforms) = postSolution
		{B930EB26-FF5D-49D0-A3EE-65D370BB5792}.Debug|Any CPU.ActiveCfg = Debug|Any CPU
		{B930EB26-FF5D-49D0-A3EE-65D370BB5792}.Debug|Any CPU.Build.0 = Debug|Any CPU
		{B930EB26-FF5D-49D0-A3EE-65D370BB5792}.Release|Any CPU.ActiveCfg = Release|Any CPU
		{B930EB26-FF5D-49D0-A3EE-65D370BB5792}.Release|Any CPU.Build.0 = Release|Any CPU
		{DE0923FD-4A47-469E-9282-C2F53B555D7C}.Debug|Any CPU.ActiveCfg = Debug|Any CPU
		{DE0923FD-4A47-469E-9282-C2F53B555D7C}.Debug|Any CPU.Build.0 = Debug|Any CPU
		{DE0923FD-4A47-469E-9282-C2F53B555D7C}.Release|Any CPU.ActiveCfg = Release|Any CPU
		{DE0923FD-4A47-469E-9282-C2F53B555D7C}.Release|Any CPU.Build.0 = Release|Any CPU
		{38E28427-3CBF-4579-9C14-E94EC5E995EF}.Debug|Any CPU.ActiveCfg = Debug|Any CPU
		{38E28427-3CBF-4579-9C14-E94EC5E995EF}.Debug|Any CPU.Build.0 = Debug|Any CPU
		{38E28427-3CBF-4579-9C14-E94EC5E995EF}.Release|Any CPU.ActiveCfg = Release|Any CPU
		{38E28427-3CBF-4579-9C14-E94EC5E995EF}.Release|Any CPU.Build.0 = Release|Any CPU
		{86045D45-6D1B-4D8A-8CD2-5263D27B4DC9}.Debug|Any CPU.ActiveCfg = Debug|Any CPU
		{86045D45-6D1B-4D8A-8CD2-5263D27B4DC9}.Debug|Any CPU.Build.0 = Debug|Any CPU
		{86045D45-6D1B-4D8A-8CD2-5263D27B4DC9}.Release|Any CPU.ActiveCfg = Release|Any CPU
		{86045D45-6D1B-4D8A-8CD2-5263D27B4DC9}.Release|Any CPU.Build.0 = Release|Any CPU
		{3A75458F-11AF-4974-B974-A3171C0F302F}.Debug|Any CPU.ActiveCfg = Debug|Any CPU
		{3A75458F-11AF-4974-B974-A3171C0F302F}.Debug|Any CPU.Build.0 = Debug|Any CPU
		{3A75458F-11AF-4974-B974-A3171C0F302F}.Release|Any CPU.ActiveCfg = Release|Any CPU
		{3A75458F-11AF-4974-B974-A3171C0F302F}.Release|Any CPU.Build.0 = Release|Any CPU
		{B5D952EE-139A-403F-8FD5-FCFEAF1553C9}.Debug|Any CPU.ActiveCfg = Debug|Any CPU
		{B5D952EE-139A-403F-8FD5-FCFEAF1553C9}.Debug|Any CPU.Build.0 = Debug|Any CPU
		{B5D952EE-139A-403F-8FD5-FCFEAF1553C9}.Release|Any CPU.ActiveCfg = Release|Any CPU
		{B5D952EE-139A-403F-8FD5-FCFEAF1553C9}.Release|Any CPU.Build.0 = Release|Any CPU
		{E02D5BF3-37E3-4143-AA5E-4DA34760CFE5}.Debug|Any CPU.ActiveCfg = Debug|Any CPU
		{E02D5BF3-37E3-4143-AA5E-4DA34760CFE5}.Debug|Any CPU.Build.0 = Debug|Any CPU
		{E02D5BF3-37E3-4143-AA5E-4DA34760CFE5}.Release|Any CPU.ActiveCfg = Release|Any CPU
		{E02D5BF3-37E3-4143-AA5E-4DA34760CFE5}.Release|Any CPU.Build.0 = Release|Any CPU
		{E86D1049-8E72-4523-A169-A3FED6514B89}.Debug|Any CPU.ActiveCfg = Debug|Any CPU
		{E86D1049-8E72-4523-A169-A3FED6514B89}.Debug|Any CPU.Build.0 = Debug|Any CPU
		{E86D1049-8E72-4523-A169-A3FED6514B89}.Release|Any CPU.ActiveCfg = Release|Any CPU
		{E86D1049-8E72-4523-A169-A3FED6514B89}.Release|Any CPU.Build.0 = Release|Any CPU
		{DF750639-82DD-44F3-A5F0-F3D5E3DB8023}.Debug|Any CPU.ActiveCfg = Debug|Any CPU
		{DF750639-82DD-44F3-A5F0-F3D5E3DB8023}.Debug|Any CPU.Build.0 = Debug|Any CPU
		{DF750639-82DD-44F3-A5F0-F3D5E3DB8023}.Release|Any CPU.ActiveCfg = Release|Any CPU
		{DF750639-82DD-44F3-A5F0-F3D5E3DB8023}.Release|Any CPU.Build.0 = Release|Any CPU
		{E802B069-7927-445D-8FF2-1CC41D4DFC3B}.Debug|Any CPU.ActiveCfg = Debug|Any CPU
		{E802B069-7927-445D-8FF2-1CC41D4DFC3B}.Debug|Any CPU.Build.0 = Debug|Any CPU
		{E802B069-7927-445D-8FF2-1CC41D4DFC3B}.Release|Any CPU.ActiveCfg = Release|Any CPU
		{E802B069-7927-445D-8FF2-1CC41D4DFC3B}.Release|Any CPU.Build.0 = Release|Any CPU
		{A0869A3A-58AF-409E-B66F-452C05CF9633}.Debug|Any CPU.ActiveCfg = Debug|Any CPU
		{A0869A3A-58AF-409E-B66F-452C05CF9633}.Debug|Any CPU.Build.0 = Debug|Any CPU
		{A0869A3A-58AF-409E-B66F-452C05CF9633}.Release|Any CPU.ActiveCfg = Release|Any CPU
		{A0869A3A-58AF-409E-B66F-452C05CF9633}.Release|Any CPU.Build.0 = Release|Any CPU
		{D6FDE02A-EEAE-451C-A7D2-674175687794}.Debug|Any CPU.ActiveCfg = Debug|Any CPU
		{D6FDE02A-EEAE-451C-A7D2-674175687794}.Debug|Any CPU.Build.0 = Debug|Any CPU
		{D6FDE02A-EEAE-451C-A7D2-674175687794}.Release|Any CPU.ActiveCfg = Release|Any CPU
		{D6FDE02A-EEAE-451C-A7D2-674175687794}.Release|Any CPU.Build.0 = Release|Any CPU
		{DD7E3D0F-95F9-462C-A31A-04529E1DB963}.Debug|Any CPU.ActiveCfg = Debug|Any CPU
		{DD7E3D0F-95F9-462C-A31A-04529E1DB963}.Debug|Any CPU.Build.0 = Debug|Any CPU
		{DD7E3D0F-95F9-462C-A31A-04529E1DB963}.Release|Any CPU.ActiveCfg = Release|Any CPU
		{DD7E3D0F-95F9-462C-A31A-04529E1DB963}.Release|Any CPU.Build.0 = Release|Any CPU
		{FEF37CB9-5910-4994-A32C-E9A07C5AB93C}.Debug|Any CPU.ActiveCfg = Debug|Any CPU
		{FEF37CB9-5910-4994-A32C-E9A07C5AB93C}.Debug|Any CPU.Build.0 = Debug|Any CPU
		{FEF37CB9-5910-4994-A32C-E9A07C5AB93C}.Release|Any CPU.ActiveCfg = Release|Any CPU
		{FEF37CB9-5910-4994-A32C-E9A07C5AB93C}.Release|Any CPU.Build.0 = Release|Any CPU
		{4AC24428-5768-402F-9852-E07718928153}.Debug|Any CPU.ActiveCfg = Debug|Any CPU
		{4AC24428-5768-402F-9852-E07718928153}.Debug|Any CPU.Build.0 = Debug|Any CPU
		{4AC24428-5768-402F-9852-E07718928153}.Release|Any CPU.ActiveCfg = Release|Any CPU
		{4AC24428-5768-402F-9852-E07718928153}.Release|Any CPU.Build.0 = Release|Any CPU
		{3DB08E09-4392-4067-A4B5-1284F13D6805}.Debug|Any CPU.ActiveCfg = Debug|Any CPU
		{3DB08E09-4392-4067-A4B5-1284F13D6805}.Debug|Any CPU.Build.0 = Debug|Any CPU
		{3DB08E09-4392-4067-A4B5-1284F13D6805}.Release|Any CPU.ActiveCfg = Release|Any CPU
		{3DB08E09-4392-4067-A4B5-1284F13D6805}.Release|Any CPU.Build.0 = Release|Any CPU
		{E14C1F6E-62F8-4CC8-81A3-701FB5DBAFEE}.Debug|Any CPU.ActiveCfg = Debug|Any CPU
		{E14C1F6E-62F8-4CC8-81A3-701FB5DBAFEE}.Debug|Any CPU.Build.0 = Debug|Any CPU
		{E14C1F6E-62F8-4CC8-81A3-701FB5DBAFEE}.Release|Any CPU.ActiveCfg = Release|Any CPU
		{E14C1F6E-62F8-4CC8-81A3-701FB5DBAFEE}.Release|Any CPU.Build.0 = Release|Any CPU
		{03F7BD99-0166-4F70-A353-C32457D6A817}.Debug|Any CPU.ActiveCfg = Debug|Any CPU
		{03F7BD99-0166-4F70-A353-C32457D6A817}.Debug|Any CPU.Build.0 = Debug|Any CPU
		{03F7BD99-0166-4F70-A353-C32457D6A817}.Release|Any CPU.ActiveCfg = Release|Any CPU
		{03F7BD99-0166-4F70-A353-C32457D6A817}.Release|Any CPU.Build.0 = Release|Any CPU
		{8ECC3016-A5CE-49F1-9B2E-487AA428ABEB}.Debug|Any CPU.ActiveCfg = Debug|Any CPU
		{8ECC3016-A5CE-49F1-9B2E-487AA428ABEB}.Debug|Any CPU.Build.0 = Debug|Any CPU
		{8ECC3016-A5CE-49F1-9B2E-487AA428ABEB}.Release|Any CPU.ActiveCfg = Release|Any CPU
		{8ECC3016-A5CE-49F1-9B2E-487AA428ABEB}.Release|Any CPU.Build.0 = Release|Any CPU
		{26A1D135-B685-4793-AA25-8E9004317146}.Debug|Any CPU.ActiveCfg = Debug|Any CPU
		{26A1D135-B685-4793-AA25-8E9004317146}.Debug|Any CPU.Build.0 = Debug|Any CPU
		{26A1D135-B685-4793-AA25-8E9004317146}.Release|Any CPU.ActiveCfg = Release|Any CPU
		{26A1D135-B685-4793-AA25-8E9004317146}.Release|Any CPU.Build.0 = Release|Any CPU
		{5CB5B8A8-F14D-4040-B673-424F389539E7}.Debug|Any CPU.ActiveCfg = Debug|Any CPU
		{5CB5B8A8-F14D-4040-B673-424F389539E7}.Debug|Any CPU.Build.0 = Debug|Any CPU
		{5CB5B8A8-F14D-4040-B673-424F389539E7}.Release|Any CPU.ActiveCfg = Release|Any CPU
		{5CB5B8A8-F14D-4040-B673-424F389539E7}.Release|Any CPU.Build.0 = Release|Any CPU
		{B502892F-3CAE-4B0A-B1B5-CE8C36AF7A98}.Debug|Any CPU.ActiveCfg = Debug|Any CPU
		{B502892F-3CAE-4B0A-B1B5-CE8C36AF7A98}.Debug|Any CPU.Build.0 = Debug|Any CPU
		{B502892F-3CAE-4B0A-B1B5-CE8C36AF7A98}.Release|Any CPU.ActiveCfg = Release|Any CPU
		{B502892F-3CAE-4B0A-B1B5-CE8C36AF7A98}.Release|Any CPU.Build.0 = Release|Any CPU
		{A4065341-DCD9-4D83-9420-CCDAED94FB4D}.Debug|Any CPU.ActiveCfg = Debug|Any CPU
		{A4065341-DCD9-4D83-9420-CCDAED94FB4D}.Debug|Any CPU.Build.0 = Debug|Any CPU
		{A4065341-DCD9-4D83-9420-CCDAED94FB4D}.Release|Any CPU.ActiveCfg = Release|Any CPU
		{A4065341-DCD9-4D83-9420-CCDAED94FB4D}.Release|Any CPU.Build.0 = Release|Any CPU
		{86AD2CA5-DB0D-4D85-B908-3836A5D8DFF1}.Debug|Any CPU.ActiveCfg = Debug|Any CPU
		{86AD2CA5-DB0D-4D85-B908-3836A5D8DFF1}.Debug|Any CPU.Build.0 = Debug|Any CPU
		{86AD2CA5-DB0D-4D85-B908-3836A5D8DFF1}.Release|Any CPU.ActiveCfg = Release|Any CPU
		{86AD2CA5-DB0D-4D85-B908-3836A5D8DFF1}.Release|Any CPU.Build.0 = Release|Any CPU
		{2537BCAE-792C-4009-AB06-9440A73EE373}.Debug|Any CPU.ActiveCfg = Debug|Any CPU
		{2537BCAE-792C-4009-AB06-9440A73EE373}.Debug|Any CPU.Build.0 = Debug|Any CPU
		{2537BCAE-792C-4009-AB06-9440A73EE373}.Release|Any CPU.ActiveCfg = Release|Any CPU
		{2537BCAE-792C-4009-AB06-9440A73EE373}.Release|Any CPU.Build.0 = Release|Any CPU
		{B9B32B65-F4F9-45A7-912F-F99A97BF76E6}.Debug|Any CPU.ActiveCfg = Debug|Any CPU
		{B9B32B65-F4F9-45A7-912F-F99A97BF76E6}.Debug|Any CPU.Build.0 = Debug|Any CPU
		{B9B32B65-F4F9-45A7-912F-F99A97BF76E6}.Release|Any CPU.ActiveCfg = Release|Any CPU
		{B9B32B65-F4F9-45A7-912F-F99A97BF76E6}.Release|Any CPU.Build.0 = Release|Any CPU
		{F528E340-0A62-44C0-8B7D-4FE7FE17F3DD}.Debug|Any CPU.ActiveCfg = Debug|Any CPU
		{F528E340-0A62-44C0-8B7D-4FE7FE17F3DD}.Debug|Any CPU.Build.0 = Debug|Any CPU
		{F528E340-0A62-44C0-8B7D-4FE7FE17F3DD}.Release|Any CPU.ActiveCfg = Release|Any CPU
		{F528E340-0A62-44C0-8B7D-4FE7FE17F3DD}.Release|Any CPU.Build.0 = Release|Any CPU
		{A6EE976D-49A0-4666-B44D-3264CFDC62C6}.Debug|Any CPU.ActiveCfg = Debug|Any CPU
		{A6EE976D-49A0-4666-B44D-3264CFDC62C6}.Debug|Any CPU.Build.0 = Debug|Any CPU
		{A6EE976D-49A0-4666-B44D-3264CFDC62C6}.Release|Any CPU.ActiveCfg = Release|Any CPU
		{A6EE976D-49A0-4666-B44D-3264CFDC62C6}.Release|Any CPU.Build.0 = Release|Any CPU
	EndGlobalSection
	GlobalSection(SolutionProperties) = preSolution
		HideSolutionNode = FALSE
	EndGlobalSection
	GlobalSection(ExtensibilityGlobals) = postSolution
		SolutionGuid = {9034764A-67AE-4CDC-BF9C-40BFFC5E3249}
	EndGlobalSection
EndGlobal
