
Microsoft Visual Studio Solution File, Format Version 12.00
# Visual Studio 15
VisualStudioVersion = 15.0.27130.2036
MinimumVisualStudioVersion = 10.0.40219.1
Project("{FAE04EC0-301F-11D3-BF4B-00C04F79EFBC}") = "Opgave10_HelloWorld", "Opgave10_HelloWorld\Opgave10_HelloWorld.csproj", "{B930EB26-FF5D-49D0-A3EE-65D370BB5792}"
EndProject
Global
	GlobalSection(SolutionConfigurationPlatforms) = preSolution
		Debug|Any CPU = Debug|Any CPU
		Release|Any CPU = Release|Any CPU
	EndGlobalSection
	GlobalSection(ProjectConfigurationPlatforms) = postSolution
		{B930EB26-FF5D-49D0-A3EE-65D370BB5792}.Debug|Any CPU.ActiveCfg = Debug|Any CPU
		{B930EB26-FF5D-49D0-A3EE-65D370BB5792}.Debug|Any CPU.Build.0 = Debug|Any CPU
		{B930EB26-FF5D-49D0-A3EE-65D370BB5792}.Release|Any CPU.ActiveCfg = Release|Any CPU
		{B930EB26-FF5D-49D0-A3EE-65D370BB5792}.Release|Any CPU.Build.0 = Release|Any CPU
	EndGlobalSection
	GlobalSection(SolutionProperties) = preSolution
		HideSolutionNode = FALSE
	EndGlobalSection
	GlobalSection(ExtensibilityGlobals) = postSolution
		SolutionGuid = {9034764A-67AE-4CDC-BF9C-40BFFC5E3249}
	EndGlobalSection
EndGlobal
